// !$*UTF8*$!
{
	archiveVersion = 1;
	classes = {
	};
	objectVersion = 56;
	objects = {

/* Begin PBXBuildFile section */
		2CD0F7652ABAC2A2002AFE60 /* Makefile in Sources */ = {isa = PBXBuildFile; fileRef = 2CD0F75F2ABAC2A1002AFE60 /* Makefile */; };
		2CD0F7662ABAC2A2002AFE60 /* solve.cpp in Sources */ = {isa = PBXBuildFile; fileRef = 2CD0F7602ABAC2A1002AFE60 /* solve.cpp */; };
		2CD0F7672ABAC2A2002AFE60 /* main.cpp in Sources */ = {isa = PBXBuildFile; fileRef = 2CD0F7622ABAC2A1002AFE60 /* main.cpp */; };
		2CD0F7682ABAC2A2002AFE60 /* party.cpp in Sources */ = {isa = PBXBuildFile; fileRef = 2CD0F7642ABAC2A2002AFE60 /* party.cpp */; };
/* End PBXBuildFile section */

/* Begin PBXCopyFilesBuildPhase section */
		2CD0F7532ABAC28F002AFE60 /* CopyFiles */ = {
			isa = PBXCopyFilesBuildPhase;
			buildActionMask = 2147483647;
			dstPath = /usr/share/man/man1/;
			dstSubfolderSpec = 0;
			files = (
			);
			runOnlyForDeploymentPostprocessing = 1;
		};
/* End PBXCopyFilesBuildPhase section */

/* Begin PBXFileReference section */
		2CD0F7552ABAC28F002AFE60 /* CSE4152_20211547_HW01_0_solve */ = {isa = PBXFileReference; explicitFileType = "compiled.mach-o.executable"; includeInIndex = 0; path = CSE4152_20211547_HW01_0_solve; sourceTree = BUILT_PRODUCTS_DIR; };
		2CD0F75F2ABAC2A1002AFE60 /* Makefile */ = {isa = PBXFileReference; fileEncoding = 4; lastKnownFileType = sourcecode.make; path = Makefile; sourceTree = "<group>"; };
		2CD0F7602ABAC2A1002AFE60 /* solve.cpp */ = {isa = PBXFileReference; fileEncoding = 4; lastKnownFileType = sourcecode.cpp.cpp; path = solve.cpp; sourceTree = "<group>"; };
		2CD0F7612ABAC2A1002AFE60 /* solve.hpp */ = {isa = PBXFileReference; fileEncoding = 4; lastKnownFileType = sourcecode.cpp.h; path = solve.hpp; sourceTree = "<group>"; };
		2CD0F7622ABAC2A1002AFE60 /* main.cpp */ = {isa = PBXFileReference; fileEncoding = 4; lastKnownFileType = sourcecode.cpp.cpp; name = main.cpp; path = ../../../../../../Downloads/hw01_01_skeleton/main.cpp; sourceTree = "<group>"; };
		2CD0F7632ABAC2A1002AFE60 /* party.hpp */ = {isa = PBXFileReference; fileEncoding = 4; lastKnownFileType = sourcecode.cpp.h; path = party.hpp; sourceTree = "<group>"; };
		2CD0F7642ABAC2A2002AFE60 /* party.cpp */ = {isa = PBXFileReference; fileEncoding = 4; lastKnownFileType = sourcecode.cpp.cpp; path = party.cpp; sourceTree = "<group>"; };
/* End PBXFileReference section */

/* Begin PBXFrameworksBuildPhase section */
		2CD0F7522ABAC28F002AFE60 /* Frameworks */ = {
			isa = PBXFrameworksBuildPhase;
			buildActionMask = 2147483647;
			files = (
			);
			runOnlyForDeploymentPostprocessing = 0;
		};
/* End PBXFrameworksBuildPhase section */

/* Begin PBXGroup section */
		2CD0F74C2ABAC28F002AFE60 = {
			isa = PBXGroup;
			children = (
				2CD0F7572ABAC28F002AFE60 /* CSE4152_20211547_HW01_0_solve */,
				2CD0F7562ABAC28F002AFE60 /* Products */,
			);
			sourceTree = "<group>";
		};
		2CD0F7562ABAC28F002AFE60 /* Products */ = {
			isa = PBXGroup;
			children = (
				2CD0F7552ABAC28F002AFE60 /* CSE4152_20211547_HW01_0_solve */,
			);
			name = Products;
			sourceTree = "<group>";
		};
		2CD0F7572ABAC28F002AFE60 /* CSE4152_20211547_HW01_0_solve */ = {
			isa = PBXGroup;
			children = (
				2CD0F7622ABAC2A1002AFE60 /* main.cpp */,
				2CD0F75F2ABAC2A1002AFE60 /* Makefile */,
				2CD0F7642ABAC2A2002AFE60 /* party.cpp */,
				2CD0F7632ABAC2A1002AFE60 /* party.hpp */,
				2CD0F7602ABAC2A1002AFE60 /* solve.cpp */,
				2CD0F7612ABAC2A1002AFE60 /* solve.hpp */,
			);
			path = CSE4152_20211547_HW01_0_solve;
			sourceTree = "<group>";
		};
/* End PBXGroup section */

/* Begin PBXNativeTarget section */
		2CD0F7542ABAC28F002AFE60 /* CSE4152_20211547_HW01_0_solve */ = {
			isa = PBXNativeTarget;
			buildConfigurationList = 2CD0F75C2ABAC28F002AFE60 /* Build configuration list for PBXNativeTarget "CSE4152_20211547_HW01_0_solve" */;
			buildPhases = (
				2CD0F7512ABAC28F002AFE60 /* Sources */,
				2CD0F7522ABAC28F002AFE60 /* Frameworks */,
				2CD0F7532ABAC28F002AFE60 /* CopyFiles */,
			);
			buildRules = (
			);
			dependencies = (
			);
			name = CSE4152_20211547_HW01_0_solve;
			productName = CSE4152_20211547_HW01_0_solve;
			productReference = 2CD0F7552ABAC28F002AFE60 /* CSE4152_20211547_HW01_0_solve */;
			productType = "com.apple.product-type.tool";
		};
/* End PBXNativeTarget section */

/* Begin PBXProject section */
		2CD0F74D2ABAC28F002AFE60 /* Project object */ = {
			isa = PBXProject;
			attributes = {
				BuildIndependentTargetsInParallel = 1;
				LastUpgradeCheck = 1430;
				TargetAttributes = {
					2CD0F7542ABAC28F002AFE60 = {
						CreatedOnToolsVersion = 14.3.1;
					};
				};
			};
			buildConfigurationList = 2CD0F7502ABAC28F002AFE60 /* Build configuration list for PBXProject "CSE4152_20211547_HW01_0_solve" */;
			compatibilityVersion = "Xcode 14.0";
			developmentRegion = en;
			hasScannedForEncodings = 0;
			knownRegions = (
				en,
				Base,
			);
			mainGroup = 2CD0F74C2ABAC28F002AFE60;
			productRefGroup = 2CD0F7562ABAC28F002AFE60 /* Products */;
			projectDirPath = "";
			projectRoot = "";
			targets = (
				2CD0F7542ABAC28F002AFE60 /* CSE4152_20211547_HW01_0_solve */,
			);
		};
/* End PBXProject section */

/* Begin PBXSourcesBuildPhase section */
		2CD0F7512ABAC28F002AFE60 /* Sources */ = {
			isa = PBXSourcesBuildPhase;
			buildActionMask = 2147483647;
			files = (
				2CD0F7682ABAC2A2002AFE60 /* party.cpp in Sources */,
				2CD0F7652ABAC2A2002AFE60 /* Makefile in Sources */,
				2CD0F7662ABAC2A2002AFE60 /* solve.cpp in Sources */,
				2CD0F7672ABAC2A2002AFE60 /* main.cpp in Sources */,
			);
			runOnlyForDeploymentPostprocessing = 0;
		};
/* End PBXSourcesBuildPhase section */

/* Begin XCBuildConfiguration section */
		2CD0F75A2ABAC28F002AFE60 /* Debug */ = {
			isa = XCBuildConfiguration;
			buildSettings = {
				ALWAYS_SEARCH_USER_PATHS = NO;
				CLANG_ANALYZER_NONNULL = YES;
				CLANG_ANALYZER_NUMBER_OBJECT_CONVERSION = YES_AGGRESSIVE;
				CLANG_CXX_LANGUAGE_STANDARD = "gnu++20";
				CLANG_ENABLE_MODULES = YES;
				CLANG_ENABLE_OBJC_ARC = YES;
				CLANG_ENABLE_OBJC_WEAK = YES;
				CLANG_WARN_BLOCK_CAPTURE_AUTORELEASING = YES;
				CLANG_WARN_BOOL_CONVERSION = YES;
				CLANG_WARN_COMMA = YES;
				CLANG_WARN_CONSTANT_CONVERSION = YES;
				CLANG_WARN_DEPRECATED_OBJC_IMPLEMENTATIONS = YES;
				CLANG_WARN_DIRECT_OBJC_ISA_USAGE = YES_ERROR;
				CLANG_WARN_DOCUMENTATION_COMMENTS = YES;
				CLANG_WARN_EMPTY_BODY = YES;
				CLANG_WARN_ENUM_CONVERSION = YES;
				CLANG_WARN_INFINITE_RECURSION = YES;
				CLANG_WARN_INT_CONVERSION = YES;
				CLANG_WARN_NON_LITERAL_NULL_CONVERSION = YES;
				CLANG_WARN_OBJC_IMPLICIT_RETAIN_SELF = YES;
				CLANG_WARN_OBJC_LITERAL_CONVERSION = YES;
				CLANG_WARN_OBJC_ROOT_CLASS = YES_ERROR;
				CLANG_WARN_QUOTED_INCLUDE_IN_FRAMEWORK_HEADER = YES;
				CLANG_WARN_RANGE_LOOP_ANALYSIS = YES;
				CLANG_WARN_STRICT_PROTOTYPES = YES;
				CLANG_WARN_SUSPICIOUS_MOVE = YES;
				CLANG_WARN_UNGUARDED_AVAILABILITY = YES_AGGRESSIVE;
				CLANG_WARN_UNREACHABLE_CODE = YES;
				CLANG_WARN__DUPLICATE_METHOD_MATCH = YES;
				COPY_PHASE_STRIP = NO;
				DEBUG_INFORMATION_FORMAT = dwarf;
				ENABLE_STRICT_OBJC_MSGSEND = YES;
				ENABLE_TESTABILITY = YES;
				GCC_C_LANGUAGE_STANDARD = gnu11;
				GCC_DYNAMIC_NO_PIC = NO;
				GCC_NO_COMMON_BLOCKS = YES;
				GCC_OPTIMIZATION_LEVEL = 0;
				GCC_PREPROCESSOR_DEFINITIONS = (
					"DEBUG=1",
					"$(inherited)",
				);
				GCC_WARN_64_TO_32_BIT_CONVERSION = YES;
				GCC_WARN_ABOUT_RETURN_TYPE = YES_ERROR;
				GCC_WARN_UNDECLARED_SELECTOR = YES;
				GCC_WARN_UNINITIALIZED_AUTOS = YES_AGGRESSIVE;
				GCC_WARN_UNUSED_FUNCTION = YES;
				GCC_WARN_UNUSED_VARIABLE = YES;
				MACOSX_DEPLOYMENT_TARGET = 13.3;
				MTL_ENABLE_DEBUG_INFO = INCLUDE_SOURCE;
				MTL_FAST_MATH = YES;
				ONLY_ACTIVE_ARCH = YES;
				SDKROOT = macosx;
			};
			name = Debug;
		};
		2CD0F75B2ABAC28F002AFE60 /* Release */ = {
			isa = XCBuildConfiguration;
			buildSettings = {
				ALWAYS_SEARCH_USER_PATHS = NO;
				CLANG_ANALYZER_NONNULL = YES;
				CLANG_ANALYZER_NUMBER_OBJECT_CONVERSION = YES_AGGRESSIVE;
				CLANG_CXX_LANGUAGE_STANDARD = "gnu++20";
				CLANG_ENABLE_MODULES = YES;
				CLANG_ENABLE_OBJC_ARC = YES;
				CLANG_ENABLE_OBJC_WEAK = YES;
				CLANG_WARN_BLOCK_CAPTURE_AUTORELEASING = YES;
				CLANG_WARN_BOOL_CONVERSION = YES;
				CLANG_WARN_COMMA = YES;
				CLANG_WARN_CONSTANT_CONVERSION = YES;
				CLANG_WARN_DEPRECATED_OBJC_IMPLEMENTATIONS = YES;
				CLANG_WARN_DIRECT_OBJC_ISA_USAGE = YES_ERROR;
				CLANG_WARN_DOCUMENTATION_COMMENTS = YES;
				CLANG_WARN_EMPTY_BODY = YES;
				CLANG_WARN_ENUM_CONVERSION = YES;
				CLANG_WARN_INFINITE_RECURSION = YES;
				CLANG_WARN_INT_CONVERSION = YES;
				CLANG_WARN_NON_LITERAL_NULL_CONVERSION = YES;
				CLANG_WARN_OBJC_IMPLICIT_RETAIN_SELF = YES;
				CLANG_WARN_OBJC_LITERAL_CONVERSION = YES;
				CLANG_WARN_OBJC_ROOT_CLASS = YES_ERROR;
				CLANG_WARN_QUOTED_INCLUDE_IN_FRAMEWORK_HEADER = YES;
				CLANG_WARN_RANGE_LOOP_ANALYSIS = YES;
				CLANG_WARN_STRICT_PROTOTYPES = YES;
				CLANG_WARN_SUSPICIOUS_MOVE = YES;
				CLANG_WARN_UNGUARDED_AVAILABILITY = YES_AGGRESSIVE;
				CLANG_WARN_UNREACHABLE_CODE = YES;
				CLANG_WARN__DUPLICATE_METHOD_MATCH = YES;
				COPY_PHASE_STRIP = NO;
				DEBUG_INFORMATION_FORMAT = "dwarf-with-dsym";
				ENABLE_NS_ASSERTIONS = NO;
				ENABLE_STRICT_OBJC_MSGSEND = YES;
				GCC_C_LANGUAGE_STANDARD = gnu11;
				GCC_NO_COMMON_BLOCKS = YES;
				GCC_WARN_64_TO_32_BIT_CONVERSION = YES;
				GCC_WARN_ABOUT_RETURN_TYPE = YES_ERROR;
				GCC_WARN_UNDECLARED_SELECTOR = YES;
				GCC_WARN_UNINITIALIZED_AUTOS = YES_AGGRESSIVE;
				GCC_WARN_UNUSED_FUNCTION = YES;
				GCC_WARN_UNUSED_VARIABLE = YES;
				MACOSX_DEPLOYMENT_TARGET = 13.3;
				MTL_ENABLE_DEBUG_INFO = NO;
				MTL_FAST_MATH = YES;
				SDKROOT = macosx;
			};
			name = Release;
		};
		2CD0F75D2ABAC28F002AFE60 /* Debug */ = {
			isa = XCBuildConfiguration;
			buildSettings = {
				CODE_SIGN_STYLE = Automatic;
				DEVELOPMENT_TEAM = L22KGAL4ND;
				ENABLE_HARDENED_RUNTIME = YES;
				PRODUCT_NAME = "$(TARGET_NAME)";
			};
			name = Debug;
		};
		2CD0F75E2ABAC28F002AFE60 /* Release */ = {
			isa = XCBuildConfiguration;
			buildSettings = {
				CODE_SIGN_STYLE = Automatic;
				DEVELOPMENT_TEAM = L22KGAL4ND;
				ENABLE_HARDENED_RUNTIME = YES;
				PRODUCT_NAME = "$(TARGET_NAME)";
			};
			name = Release;
		};
/* End XCBuildConfiguration section */

/* Begin XCConfigurationList section */
		2CD0F7502ABAC28F002AFE60 /* Build configuration list for PBXProject "CSE4152_20211547_HW01_0_solve" */ = {
			isa = XCConfigurationList;
			buildConfigurations = (
				2CD0F75A2ABAC28F002AFE60 /* Debug */,
				2CD0F75B2ABAC28F002AFE60 /* Release */,
			);
			defaultConfigurationIsVisible = 0;
			defaultConfigurationName = Release;
		};
		2CD0F75C2ABAC28F002AFE60 /* Build configuration list for PBXNativeTarget "CSE4152_20211547_HW01_0_solve" */ = {
			isa = XCConfigurationList;
			buildConfigurations = (
				2CD0F75D2ABAC28F002AFE60 /* Debug */,
				2CD0F75E2ABAC28F002AFE60 /* Release */,
			);
			defaultConfigurationIsVisible = 0;
			defaultConfigurationName = Release;
		};
/* End XCConfigurationList section */
	};
	rootObject = 2CD0F74D2ABAC28F002AFE60 /* Project object */;
}
